
Microsoft Visual Studio Solution File, Format Version 12.00
# Visual Studio Version 16
VisualStudioVersion = 16.0.32002.261
MinimumVisualStudioVersion = 10.0.40219.1
Project("{FAE04EC0-301F-11D3-BF4B-00C04F79EFBC}") = "URI_1060", "URI_1060\URI_1060.csproj", "{C0020A11-0A87-4CB5-BAB5-50677ADE46EC}"
EndProject
Global
	GlobalSection(SolutionConfigurationPlatforms) = preSolution
		Debug|Any CPU = Debug|Any CPU
		Release|Any CPU = Release|Any CPU
	EndGlobalSection
	GlobalSection(ProjectConfigurationPlatforms) = postSolution
		{C0020A11-0A87-4CB5-BAB5-50677ADE46EC}.Debug|Any CPU.ActiveCfg = Debug|Any CPU
		{C0020A11-0A87-4CB5-BAB5-50677ADE46EC}.Debug|Any CPU.Build.0 = Debug|Any CPU
		{C0020A11-0A87-4CB5-BAB5-50677ADE46EC}.Release|Any CPU.ActiveCfg = Release|Any CPU
		{C0020A11-0A87-4CB5-BAB5-50677ADE46EC}.Release|Any CPU.Build.0 = Release|Any CPU
	EndGlobalSection
	GlobalSection(SolutionProperties) = preSolution
		HideSolutionNode = FALSE
	EndGlobalSection
	GlobalSection(ExtensibilityGlobals) = postSolution
		SolutionGuid = {9577154C-780F-470B-9EF6-4F38CDCF513B}
	EndGlobalSection
EndGlobal
