
Microsoft Visual Studio Solution File, Format Version 12.00
# Visual Studio Version 16
VisualStudioVersion = 16.0.32002.261
MinimumVisualStudioVersion = 10.0.40219.1
Project("{FAE04EC0-301F-11D3-BF4B-00C04F79EFBC}") = "URI_1042", "URI_1042\URI_1042.csproj", "{ACA5FFDF-E9F0-44C3-AD49-C183AE700CE7}"
EndProject
Global
	GlobalSection(SolutionConfigurationPlatforms) = preSolution
		Debug|Any CPU = Debug|Any CPU
		Release|Any CPU = Release|Any CPU
	EndGlobalSection
	GlobalSection(ProjectConfigurationPlatforms) = postSolution
		{ACA5FFDF-E9F0-44C3-AD49-C183AE700CE7}.Debug|Any CPU.ActiveCfg = Debug|Any CPU
		{ACA5FFDF-E9F0-44C3-AD49-C183AE700CE7}.Debug|Any CPU.Build.0 = Debug|Any CPU
		{ACA5FFDF-E9F0-44C3-AD49-C183AE700CE7}.Release|Any CPU.ActiveCfg = Release|Any CPU
		{ACA5FFDF-E9F0-44C3-AD49-C183AE700CE7}.Release|Any CPU.Build.0 = Release|Any CPU
	EndGlobalSection
	GlobalSection(SolutionProperties) = preSolution
		HideSolutionNode = FALSE
	EndGlobalSection
	GlobalSection(ExtensibilityGlobals) = postSolution
		SolutionGuid = {8D405CCA-D853-468D-9BE1-901A50864BAA}
	EndGlobalSection
EndGlobal
