
Microsoft Visual Studio Solution File, Format Version 12.00
# Visual Studio Version 16
VisualStudioVersion = 16.0.31729.503
MinimumVisualStudioVersion = 10.0.40219.1
Project("{FAE04EC0-301F-11D3-BF4B-00C04F79EFBC}") = "URI_1035", "URI_1035\URI_1035.csproj", "{28C89752-F498-4706-9A2F-6478FEB63C9C}"
EndProject
Global
	GlobalSection(SolutionConfigurationPlatforms) = preSolution
		Debug|Any CPU = Debug|Any CPU
		Release|Any CPU = Release|Any CPU
	EndGlobalSection
	GlobalSection(ProjectConfigurationPlatforms) = postSolution
		{28C89752-F498-4706-9A2F-6478FEB63C9C}.Debug|Any CPU.ActiveCfg = Debug|Any CPU
		{28C89752-F498-4706-9A2F-6478FEB63C9C}.Debug|Any CPU.Build.0 = Debug|Any CPU
		{28C89752-F498-4706-9A2F-6478FEB63C9C}.Release|Any CPU.ActiveCfg = Release|Any CPU
		{28C89752-F498-4706-9A2F-6478FEB63C9C}.Release|Any CPU.Build.0 = Release|Any CPU
	EndGlobalSection
	GlobalSection(SolutionProperties) = preSolution
		HideSolutionNode = FALSE
	EndGlobalSection
	GlobalSection(ExtensibilityGlobals) = postSolution
		SolutionGuid = {491633AD-D08A-4380-9929-A60FEE2BE4BF}
	EndGlobalSection
EndGlobal
