
Microsoft Visual Studio Solution File, Format Version 12.00
# Visual Studio Version 16
VisualStudioVersion = 16.0.31410.357
MinimumVisualStudioVersion = 10.0.40219.1
Project("{FAE04EC0-301F-11D3-BF4B-00C04F79EFBC}") = "URI_1010", "URI_1010\URI_1010.csproj", "{BF15C967-219C-4893-BD05-EBB276D865A8}"
EndProject
Global
	GlobalSection(SolutionConfigurationPlatforms) = preSolution
		Debug|Any CPU = Debug|Any CPU
		Release|Any CPU = Release|Any CPU
	EndGlobalSection
	GlobalSection(ProjectConfigurationPlatforms) = postSolution
		{BF15C967-219C-4893-BD05-EBB276D865A8}.Debug|Any CPU.ActiveCfg = Debug|Any CPU
		{BF15C967-219C-4893-BD05-EBB276D865A8}.Debug|Any CPU.Build.0 = Debug|Any CPU
		{BF15C967-219C-4893-BD05-EBB276D865A8}.Release|Any CPU.ActiveCfg = Release|Any CPU
		{BF15C967-219C-4893-BD05-EBB276D865A8}.Release|Any CPU.Build.0 = Release|Any CPU
	EndGlobalSection
	GlobalSection(SolutionProperties) = preSolution
		HideSolutionNode = FALSE
	EndGlobalSection
	GlobalSection(ExtensibilityGlobals) = postSolution
		SolutionGuid = {F15328A2-6E81-496A-A2DB-4F59B4DB2360}
	EndGlobalSection
EndGlobal
