
Microsoft Visual Studio Solution File, Format Version 12.00
# Visual Studio Version 16
VisualStudioVersion = 16.0.31410.357
MinimumVisualStudioVersion = 10.0.40219.1
Project("{FAE04EC0-301F-11D3-BF4B-00C04F79EFBC}") = "URI_1003", "URI_1003\URI_1003.csproj", "{AC730D08-40A2-4379-861A-CD7D76D35DED}"
EndProject
Global
	GlobalSection(SolutionConfigurationPlatforms) = preSolution
		Debug|Any CPU = Debug|Any CPU
		Release|Any CPU = Release|Any CPU
	EndGlobalSection
	GlobalSection(ProjectConfigurationPlatforms) = postSolution
		{AC730D08-40A2-4379-861A-CD7D76D35DED}.Debug|Any CPU.ActiveCfg = Debug|Any CPU
		{AC730D08-40A2-4379-861A-CD7D76D35DED}.Debug|Any CPU.Build.0 = Debug|Any CPU
		{AC730D08-40A2-4379-861A-CD7D76D35DED}.Release|Any CPU.ActiveCfg = Release|Any CPU
		{AC730D08-40A2-4379-861A-CD7D76D35DED}.Release|Any CPU.Build.0 = Release|Any CPU
	EndGlobalSection
	GlobalSection(SolutionProperties) = preSolution
		HideSolutionNode = FALSE
	EndGlobalSection
	GlobalSection(ExtensibilityGlobals) = postSolution
		SolutionGuid = {B1C5369A-D6DF-4BD4-B5C4-7C9BA1EDDCD7}
	EndGlobalSection
EndGlobal
