
Microsoft Visual Studio Solution File, Format Version 12.00
# Visual Studio Version 16
VisualStudioVersion = 16.0.31410.357
MinimumVisualStudioVersion = 10.0.40219.1
Project("{FAE04EC0-301F-11D3-BF4B-00C04F79EFBC}") = "URI_1011", "URI_1011\URI_1011.csproj", "{DC607B92-401D-4C7B-B95C-A5A55E726E05}"
EndProject
Global
	GlobalSection(SolutionConfigurationPlatforms) = preSolution
		Debug|Any CPU = Debug|Any CPU
		Release|Any CPU = Release|Any CPU
	EndGlobalSection
	GlobalSection(ProjectConfigurationPlatforms) = postSolution
		{DC607B92-401D-4C7B-B95C-A5A55E726E05}.Debug|Any CPU.ActiveCfg = Debug|Any CPU
		{DC607B92-401D-4C7B-B95C-A5A55E726E05}.Debug|Any CPU.Build.0 = Debug|Any CPU
		{DC607B92-401D-4C7B-B95C-A5A55E726E05}.Release|Any CPU.ActiveCfg = Release|Any CPU
		{DC607B92-401D-4C7B-B95C-A5A55E726E05}.Release|Any CPU.Build.0 = Release|Any CPU
	EndGlobalSection
	GlobalSection(SolutionProperties) = preSolution
		HideSolutionNode = FALSE
	EndGlobalSection
	GlobalSection(ExtensibilityGlobals) = postSolution
		SolutionGuid = {8F572323-2777-4453-8A22-08BC3E5FD742}
	EndGlobalSection
EndGlobal
