
Microsoft Visual Studio Solution File, Format Version 12.00
# Visual Studio Version 16
VisualStudioVersion = 16.0.32002.261
MinimumVisualStudioVersion = 10.0.40219.1
Project("{FAE04EC0-301F-11D3-BF4B-00C04F79EFBC}") = "URI_1118", "URI_1118\URI_1118.csproj", "{81A84337-196D-43A0-BC8F-3C6D17BBE5E0}"
EndProject
Global
	GlobalSection(SolutionConfigurationPlatforms) = preSolution
		Debug|Any CPU = Debug|Any CPU
		Release|Any CPU = Release|Any CPU
	EndGlobalSection
	GlobalSection(ProjectConfigurationPlatforms) = postSolution
		{81A84337-196D-43A0-BC8F-3C6D17BBE5E0}.Debug|Any CPU.ActiveCfg = Debug|Any CPU
		{81A84337-196D-43A0-BC8F-3C6D17BBE5E0}.Debug|Any CPU.Build.0 = Debug|Any CPU
		{81A84337-196D-43A0-BC8F-3C6D17BBE5E0}.Release|Any CPU.ActiveCfg = Release|Any CPU
		{81A84337-196D-43A0-BC8F-3C6D17BBE5E0}.Release|Any CPU.Build.0 = Release|Any CPU
	EndGlobalSection
	GlobalSection(SolutionProperties) = preSolution
		HideSolutionNode = FALSE
	EndGlobalSection
	GlobalSection(ExtensibilityGlobals) = postSolution
		SolutionGuid = {A65D0653-025A-4876-9BA5-5040E6F75814}
	EndGlobalSection
EndGlobal
