
Microsoft Visual Studio Solution File, Format Version 12.00
# Visual Studio Version 16
VisualStudioVersion = 16.0.32002.261
MinimumVisualStudioVersion = 10.0.40219.1
Project("{FAE04EC0-301F-11D3-BF4B-00C04F79EFBC}") = "URI_1115", "URI_1115\URI_1115.csproj", "{74BEF632-230C-4FF7-B3B2-6C0CA1E53752}"
EndProject
Global
	GlobalSection(SolutionConfigurationPlatforms) = preSolution
		Debug|Any CPU = Debug|Any CPU
		Release|Any CPU = Release|Any CPU
	EndGlobalSection
	GlobalSection(ProjectConfigurationPlatforms) = postSolution
		{74BEF632-230C-4FF7-B3B2-6C0CA1E53752}.Debug|Any CPU.ActiveCfg = Debug|Any CPU
		{74BEF632-230C-4FF7-B3B2-6C0CA1E53752}.Debug|Any CPU.Build.0 = Debug|Any CPU
		{74BEF632-230C-4FF7-B3B2-6C0CA1E53752}.Release|Any CPU.ActiveCfg = Release|Any CPU
		{74BEF632-230C-4FF7-B3B2-6C0CA1E53752}.Release|Any CPU.Build.0 = Release|Any CPU
	EndGlobalSection
	GlobalSection(SolutionProperties) = preSolution
		HideSolutionNode = FALSE
	EndGlobalSection
	GlobalSection(ExtensibilityGlobals) = postSolution
		SolutionGuid = {7704B3F1-5F66-442A-AA09-DC9479CF7BE5}
	EndGlobalSection
EndGlobal
