
Microsoft Visual Studio Solution File, Format Version 12.00
# Visual Studio Version 16
VisualStudioVersion = 16.0.31410.357
MinimumVisualStudioVersion = 10.0.40219.1
Project("{FAE04EC0-301F-11D3-BF4B-00C04F79EFBC}") = "Extremamente_Basico", "Extremamente_Basico\Extremamente_Basico.csproj", "{0FE0E85E-AB74-4402-9151-D3F690052B56}"
EndProject
Global
	GlobalSection(SolutionConfigurationPlatforms) = preSolution
		Debug|Any CPU = Debug|Any CPU
		Release|Any CPU = Release|Any CPU
	EndGlobalSection
	GlobalSection(ProjectConfigurationPlatforms) = postSolution
		{0FE0E85E-AB74-4402-9151-D3F690052B56}.Debug|Any CPU.ActiveCfg = Debug|Any CPU
		{0FE0E85E-AB74-4402-9151-D3F690052B56}.Debug|Any CPU.Build.0 = Debug|Any CPU
		{0FE0E85E-AB74-4402-9151-D3F690052B56}.Release|Any CPU.ActiveCfg = Release|Any CPU
		{0FE0E85E-AB74-4402-9151-D3F690052B56}.Release|Any CPU.Build.0 = Release|Any CPU
	EndGlobalSection
	GlobalSection(SolutionProperties) = preSolution
		HideSolutionNode = FALSE
	EndGlobalSection
	GlobalSection(ExtensibilityGlobals) = postSolution
		SolutionGuid = {9F0063A8-6026-4DE7-96FE-8B51C8437FD5}
	EndGlobalSection
EndGlobal
