
Microsoft Visual Studio Solution File, Format Version 12.00
# Visual Studio Version 16
VisualStudioVersion = 16.0.31410.357
MinimumVisualStudioVersion = 10.0.40219.1
Project("{FAE04EC0-301F-11D3-BF4B-00C04F79EFBC}") = "URI_1009", "URI_1009\URI_1009.csproj", "{D1140429-2B05-40E7-9814-E072AEC26EDE}"
EndProject
Global
	GlobalSection(SolutionConfigurationPlatforms) = preSolution
		Debug|Any CPU = Debug|Any CPU
		Release|Any CPU = Release|Any CPU
	EndGlobalSection
	GlobalSection(ProjectConfigurationPlatforms) = postSolution
		{D1140429-2B05-40E7-9814-E072AEC26EDE}.Debug|Any CPU.ActiveCfg = Debug|Any CPU
		{D1140429-2B05-40E7-9814-E072AEC26EDE}.Debug|Any CPU.Build.0 = Debug|Any CPU
		{D1140429-2B05-40E7-9814-E072AEC26EDE}.Release|Any CPU.ActiveCfg = Release|Any CPU
		{D1140429-2B05-40E7-9814-E072AEC26EDE}.Release|Any CPU.Build.0 = Release|Any CPU
	EndGlobalSection
	GlobalSection(SolutionProperties) = preSolution
		HideSolutionNode = FALSE
	EndGlobalSection
	GlobalSection(ExtensibilityGlobals) = postSolution
		SolutionGuid = {2BAA049F-AABE-4A4E-8D95-81B824F84C47}
	EndGlobalSection
EndGlobal
