
Microsoft Visual Studio Solution File, Format Version 12.00
# Visual Studio Version 16
VisualStudioVersion = 16.0.32002.261
MinimumVisualStudioVersion = 10.0.40219.1
Project("{FAE04EC0-301F-11D3-BF4B-00C04F79EFBC}") = "URI_1114", "URI_1114\URI_1114.csproj", "{0832D3DC-A853-431A-940B-AD341B70EE37}"
EndProject
Global
	GlobalSection(SolutionConfigurationPlatforms) = preSolution
		Debug|Any CPU = Debug|Any CPU
		Release|Any CPU = Release|Any CPU
	EndGlobalSection
	GlobalSection(ProjectConfigurationPlatforms) = postSolution
		{0832D3DC-A853-431A-940B-AD341B70EE37}.Debug|Any CPU.ActiveCfg = Debug|Any CPU
		{0832D3DC-A853-431A-940B-AD341B70EE37}.Debug|Any CPU.Build.0 = Debug|Any CPU
		{0832D3DC-A853-431A-940B-AD341B70EE37}.Release|Any CPU.ActiveCfg = Release|Any CPU
		{0832D3DC-A853-431A-940B-AD341B70EE37}.Release|Any CPU.Build.0 = Release|Any CPU
	EndGlobalSection
	GlobalSection(SolutionProperties) = preSolution
		HideSolutionNode = FALSE
	EndGlobalSection
	GlobalSection(ExtensibilityGlobals) = postSolution
		SolutionGuid = {44BBA6BE-F34E-4E55-89BF-72E1CC695D1B}
	EndGlobalSection
EndGlobal
