
Microsoft Visual Studio Solution File, Format Version 12.00
# Visual Studio Version 16
VisualStudioVersion = 16.0.31410.357
MinimumVisualStudioVersion = 10.0.40219.1
Project("{FAE04EC0-301F-11D3-BF4B-00C04F79EFBC}") = "URI_1014", "URI_1014\URI_1014.csproj", "{6881E0F7-1B49-44D5-B800-C8872B5F1B92}"
EndProject
Global
	GlobalSection(SolutionConfigurationPlatforms) = preSolution
		Debug|Any CPU = Debug|Any CPU
		Release|Any CPU = Release|Any CPU
	EndGlobalSection
	GlobalSection(ProjectConfigurationPlatforms) = postSolution
		{6881E0F7-1B49-44D5-B800-C8872B5F1B92}.Debug|Any CPU.ActiveCfg = Debug|Any CPU
		{6881E0F7-1B49-44D5-B800-C8872B5F1B92}.Debug|Any CPU.Build.0 = Debug|Any CPU
		{6881E0F7-1B49-44D5-B800-C8872B5F1B92}.Release|Any CPU.ActiveCfg = Release|Any CPU
		{6881E0F7-1B49-44D5-B800-C8872B5F1B92}.Release|Any CPU.Build.0 = Release|Any CPU
	EndGlobalSection
	GlobalSection(SolutionProperties) = preSolution
		HideSolutionNode = FALSE
	EndGlobalSection
	GlobalSection(ExtensibilityGlobals) = postSolution
		SolutionGuid = {4FB78862-C9C3-458D-9FB7-9DE9F738A0FD}
	EndGlobalSection
EndGlobal
